
Microsoft Visual Studio Solution File, Format Version 12.00
# Visual Studio 15
VisualStudioVersion = 15.0.28307.168
MinimumVisualStudioVersion = 10.0.40219.1
Project("{9A19103F-16F7-4668-BE54-9A1E7A4F7556}") = "Forge2018Connectivity", "Forge2018Connectivity\Forge2018Connectivity.csproj", "{CE530240-189E-442D-A26A-C42603433E60}"
EndProject
Project("{FAE04EC0-301F-11D3-BF4B-00C04F79EFBC}") = "UnitTestProject", "UnitTestProject\UnitTestProject.csproj", "{7A741069-DB76-43F4-B972-6F8C9BFAEE8C}"
EndProject
Global
	GlobalSection(SolutionConfigurationPlatforms) = preSolution
		Debug|Any CPU = Debug|Any CPU
		Release|Any CPU = Release|Any CPU
	EndGlobalSection
	GlobalSection(ProjectConfigurationPlatforms) = postSolution
		{CE530240-189E-442D-A26A-C42603433E60}.Debug|Any CPU.ActiveCfg = Debug|Any CPU
		{CE530240-189E-442D-A26A-C42603433E60}.Debug|Any CPU.Build.0 = Debug|Any CPU
		{CE530240-189E-442D-A26A-C42603433E60}.Release|Any CPU.ActiveCfg = Release|Any CPU
		{CE530240-189E-442D-A26A-C42603433E60}.Release|Any CPU.Build.0 = Release|Any CPU
		{7A741069-DB76-43F4-B972-6F8C9BFAEE8C}.Debug|Any CPU.ActiveCfg = Debug|Any CPU
		{7A741069-DB76-43F4-B972-6F8C9BFAEE8C}.Debug|Any CPU.Build.0 = Debug|Any CPU
		{7A741069-DB76-43F4-B972-6F8C9BFAEE8C}.Release|Any CPU.ActiveCfg = Release|Any CPU
		{7A741069-DB76-43F4-B972-6F8C9BFAEE8C}.Release|Any CPU.Build.0 = Release|Any CPU
	EndGlobalSection
	GlobalSection(SolutionProperties) = preSolution
		HideSolutionNode = FALSE
	EndGlobalSection
	GlobalSection(ExtensibilityGlobals) = postSolution
		SolutionGuid = {A0BEADC8-4A50-4192-8E83-F489A5D37D29}
	EndGlobalSection
EndGlobal
